# This file is @generated by PDM.
# It is not intended for manual editing.

[metadata]
groups = ["default"]
strategy = ["inherit_metadata"]
lock_version = "4.5.0"
content_hash = "sha256:d708ba623ffe6929cac58f8dcfd63dc7bfd7ea47c8b74e0bfefd3e37a260efcf"

[[metadata.targets]]
requires_python = "==3.13.*"

[[package]]
name = "mpremote"
version = "1.25.0"
requires_python = ">=3.4"
summary = "Tool for interacting remotely with MicroPython devices"
groups = ["default"]
dependencies = [
    "importlib-metadata>=1.4; python_version < \"3.8\"",
    "pyserial>=3.3",
]
files = [
    {file = "mpremote-1.25.0-py3-none-any.whl", hash = "sha256:42691ff8f7ea4b5f2fc1b51de99609995d383671a4b4d4daad8cbd486d26aa23"},
    {file = "mpremote-1.25.0.tar.gz", hash = "sha256:d0dcd8ab364d87270e1766308882e536e541052efd64aadaac83bc7ebbea2815"},
]

[[package]]
name = "pyserial"
version = "3.5"
summary = "Python Serial Port Extension"
groups = ["default"]
files = [
    {file = "pyserial-3.5-py2.py3-none-any.whl", hash = "sha256:c4451db6ba391ca6ca299fb3ec7bae67a5c55dde170964c7a14ceefec02f2cf0"},
    {file = "pyserial-3.5.tar.gz", hash = "sha256:3c77e014170dfffbd816e6ffc205e9842efb10be9f58ec16d3e8675b4925cddb"},
]
